
Microsoft Visual Studio Solution File, Format Version 12.00
# Visual Studio Version 17
VisualStudioVersion = 17.8.34330.188
MinimumVisualStudioVersion = 10.0.40219.1
Project("{FAE04EC0-301F-11D3-BF4B-00C04F79EFBC}") = "IdentityManager", "IdentityManager.csproj", "{777D1DBF-28A4-4F38-8ADD-FCDFE28A5AA5}"
EndProject
Global
	GlobalSection(SolutionConfigurationPlatforms) = preSolution
		Debug|Any CPU = Debug|Any CPU
		Release|Any CPU = Release|Any CPU
	EndGlobalSection
	GlobalSection(ProjectConfigurationPlatforms) = postSolution
		{777D1DBF-28A4-4F38-8ADD-FCDFE28A5AA5}.Debug|Any CPU.ActiveCfg = Debug|Any CPU
		{777D1DBF-28A4-4F38-8ADD-FCDFE28A5AA5}.Debug|Any CPU.Build.0 = Debug|Any CPU
		{777D1DBF-28A4-4F38-8ADD-FCDFE28A5AA5}.Release|Any CPU.ActiveCfg = Release|Any CPU
		{777D1DBF-28A4-4F38-8ADD-FCDFE28A5AA5}.Release|Any CPU.Build.0 = Release|Any CPU
	EndGlobalSection
	GlobalSection(SolutionProperties) = preSolution
		HideSolutionNode = FALSE
	EndGlobalSection
	GlobalSection(ExtensibilityGlobals) = postSolution
		SolutionGuid = {ACF49E8B-367C-44D0-BD49-A94625835DBD}
	EndGlobalSection
EndGlobal
